{
  "lockfile_version": "1",
  "packages": {
    "bun@latest": {
      "last_modified": "2025-07-08T04:39:49Z",
      "resolved": "github:NixOS/nixpkgs/9b008d60392981ad674e04016d25619281550a9d#bun",
      "source": "devbox-search",
      "version": "1.2.18",
      "systems": {
        "aarch64-darwin": {
          "outputs": [
            {
              "name": "out",
              "path": "/nix/store/slfskkp9cz1ljh541rmdbhhm8gislh1r-bun-1.2.18",
              "default": true
            }
          ],
          "store_path": "/nix/store/slfskkp9cz1ljh541rmdbhhm8gislh1r-bun-1.2.18"
        },
        "aarch64-linux": {
          "outputs": [
            {
              "name": "out",
              "path": "/nix/store/m9k5c1qlr0snn4plyi1akh5ijcl0d7lb-bun-1.2.18",
              "default": true
            }
          ],
          "store_path": "/nix/store/m9k5c1qlr0snn4plyi1akh5ijcl0d7lb-bun-1.2.18"
        },
        "x86_64-darwin": {
          "outputs": [
            {
              "name": "out",
              "path": "/nix/store/8zl7kqf0kry6m8imrr5xs56rkyh45svk-bun-1.2.18",
              "default": true
            }
          ],
          "store_path": "/nix/store/8zl7kqf0kry6m8imrr5xs56rkyh45svk-bun-1.2.18"
        },
        "x86_64-linux": {
          "outputs": [
            {
              "name": "out",
              "path": "/nix/store/k088fsmj70ywj5vix7x7kjz87yq012cn-bun-1.2.18",
              "default": true
            }
          ],
          "store_path": "/nix/store/k088fsmj70ywj5vix7x7kjz87yq012cn-bun-1.2.18"
        }
      }
    },
    "github:NixOS/nixpkgs/nixpkgs-unstable": {
      "last_modified": "2025-07-15T16:15:05Z",
      "resolved": "github:NixOS/nixpkgs/dab3a6e781554f965bde3def0aa2fda4eb8f1708?lastModified=1752596105&narHash=sha256-lFNVsu%2FmHLq3q11MuGkMhUUoSXEdQjCHvpReaGP1S2k%3D"
    },
    "go-task@latest": {
      "last_modified": "2025-06-25T00:36:27Z",
      "resolved": "github:NixOS/nixpkgs/992f916556fcfaa94451ebc7fc6e396134bbf5b1#go-task",
      "source": "devbox-search",
      "version": "3.44.0",
      "systems": {
        "aarch64-darwin": {
          "outputs": [
            {
              "name": "out",
              "path": "/nix/store/0g5ypvwzy9p11rn8jf42lbba97g1zihi-go-task-3.44.0",
              "default": true
            }
          ],
          "store_path": "/nix/store/0g5ypvwzy9p11rn8jf42lbba97g1zihi-go-task-3.44.0"
        },
        "aarch64-linux": {
          "outputs": [
            {
              "name": "out",
              "path": "/nix/store/wzdbbx5shgywf77k8vfkwb13q22s6f02-go-task-3.44.0",
              "default": true
            }
          ],
          "store_path": "/nix/store/wzdbbx5shgywf77k8vfkwb13q22s6f02-go-task-3.44.0"
        },
        "x86_64-darwin": {
          "outputs": [
            {
              "name": "out",
              "path": "/nix/store/4rglfyhmw6rl30ilbgssfsl87l9z2s5b-go-task-3.44.0",
              "default": true
            }
          ],
          "store_path": "/nix/store/4rglfyhmw6rl30ilbgssfsl87l9z2s5b-go-task-3.44.0"
        },
        "x86_64-linux": {
          "outputs": [
            {
              "name": "out",
              "path": "/nix/store/4r045p9bjv0c11sw72xnf2kdh3irlzff-go-task-3.44.0",
              "default": true
            }
          ],
          "store_path": "/nix/store/4r045p9bjv0c11sw72xnf2kdh3irlzff-go-task-3.44.0"
        }
      }
    }
  }
}
